{
    "name": "clay",
    "version": "0.1.0",
    "lockfileVersion": 3,
    "requires": true,
    "packages": {
        "": {
            "name": "clay",
            "version": "0.1.0",
            "dependencies": {
                "three": "^0.163.0",
                "three-mesh-bvh": "^0.7.4",
                "three-stdlib": "^2.29.6",
                "earcut": "^2.2.4",
                "uuid": "^9.0.1",
                "web-ifc": "^0.0.54"
            }
        },

        "node_modules/three": {
            "version": "0.163.0",
            "resolved": "https://registry.npmjs.org/three/-/three-0.163.0.tgz",
            "integrity": "sha512-HlMgCb2TF/dTLRtknBnjUTsR8FsDqBY43itYop2+Zg822I+Kd0Ua2vs8CvfBVefXkBdNDrLMoRTGCIIpfCuDew=="
        },
        "node_modules/three-mesh-bvh": {
            "version": "0.7.4",
            "resolved": "https://registry.npmjs.org/three-mesh-bvh/-/three-mesh-bvh-0.7.4.tgz",
            "integrity": "sha512-flxe0A4uflTPR6elgq/Y8VrLoljDNS899i422SxQcU3EtMj6o8z4kZRyqZqGWzR0qMf1InTZzY1/0xZl/rnvVw==",
            "peerDependencies": {
                "three": ">= 0.151.0"
            }
        },
        "node_modules/three-stdlib": {
            "version": "2.29.6",
            "resolved": "https://registry.npmjs.org/three-stdlib/-/three-stdlib-2.29.6.tgz",
            "integrity": "sha512-nj9bHkzhhwfmqQcM/keC2RDb0bHhbw6bRXTy81ehzi8F1rtp6pJ5eS0/vl1Eg5RMFqXOMyxJ6sDHPoLU+IrVZg==",
            "dependencies": {
                "@types/draco3d": "^1.4.0",
                "@types/offscreencanvas": "^2019.6.4",
                "@types/webxr": "^0.5.2",
                "draco3d": "^1.4.1",
                "fflate": "^0.6.9",
                "potpack": "^1.0.1"
            },
            "peerDependencies": {
                "three": ">=0.128.0"
            }
        },

        "node_modules/earcut": {
            "version": "2.2.4",
            "resolved": "https://registry.npmjs.org/earcut/-/earcut-2.2.4.tgz",
            "integrity": "sha512-/pjZsA1b4RPHbeWZQn66SWS8nZZWLQQ23oE3Eam7aroEFGEvwKAsJfZ9ytiEMycfzXWpca4FA9QIOehf7PocBQ=="
        },
        "node_modules/uuid": {
            "version": "9.0.1",
            "resolved": "https://registry.npmjs.org/uuid/-/uuid-9.0.1.tgz",
            "integrity": "sha512-b+1eJOlsR9K8HJpow9Ok3fiWOWSIcIzXodvv0rQjVoOVNpWMpxf1wZNpt4y9h10odCNrqnYp1OBzRktckBe3sA==",
            "funding": [
                "https://github.com/sponsors/broofa",
                "https://github.com/sponsors/ctavan"
            ],
            "license": "MIT",
            "bin": {
                "uuid": "dist/bin/uuid"
            }
        },
        "node_modules/web-ifc": {
            "version": "0.0.54",
            "resolved": "https://registry.npmjs.org/web-ifc/-/web-ifc-0.0.54.tgz",
            "integrity": "sha512-jWCcYbWQWY8t55JJHC9E5CKhAXOjHvKJN9b/qk2iUMS3rQE77Ve5ThxJMRw9XGW6oyHKKgOebIp9ho88f52AbA=="
        }
    }
}